// !$*UTF8*$!
{
	archiveVersion = 1;
	classes = {
	};
	objectVersion = 46;
	objects = {

/* Begin PBXBuildFile section */
		66BD1ECC1D530DE30045C8DF /* AppDelegate.swift in Sources */ = {isa = PBXBuildFile; fileRef = 66BD1ECB1D530DE30045C8DF /* AppDelegate.swift */; };
		66BD1ECE1D530DE30045C8DF /* ViewController.swift in Sources */ = {isa = PBXBuildFile; fileRef = 66BD1ECD1D530DE30045C8DF /* ViewController.swift */; };
		66BD1ED11D530DE30045C8DF /* Main.storyboard in Resources */ = {isa = PBXBuildFile; fileRef = 66BD1ECF1D530DE30045C8DF /* Main.storyboard */; };
		66BD1ED31D530DE30045C8DF /* Assets.xcassets in Resources */ = {isa = PBXBuildFile; fileRef = 66BD1ED21D530DE30045C8DF /* Assets.xcassets */; };
		66BD1ED61D530DE30045C8DF /* LaunchScreen.storyboard in Resources */ = {isa = PBXBuildFile; fileRef = 66BD1ED41D530DE30045C8DF /* LaunchScreen.storyboard */; };
/* End PBXBuildFile section */

/* Begin PBXFileReference section */
		66BD1EC81D530DE30045C8DF /* QuestionTime.app */ = {isa = PBXFileReference; explicitFileType = wrapper.application; includeInIndex = 0; path = QuestionTime.app; sourceTree = BUILT_PRODUCTS_DIR; };
		66BD1ECB1D530DE30045C8DF /* AppDelegate.swift */ = {isa = PBXFileReference; lastKnownFileType = sourcecode.swift; path = AppDelegate.swift; sourceTree = "<group>"; };
		66BD1ECD1D530DE30045C8DF /* ViewController.swift */ = {isa = PBXFileReference; lastKnownFileType = sourcecode.swift; path = ViewController.swift; sourceTree = "<group>"; };
		66BD1ED01D530DE30045C8DF /* Base */ = {isa = PBXFileReference; lastKnownFileType = file.storyboard; name = Base; path = Base.lproj/Main.storyboard; sourceTree = "<group>"; };
		66BD1ED21D530DE30045C8DF /* Assets.xcassets */ = {isa = PBXFileReference; lastKnownFileType = folder.assetcatalog; path = Assets.xcassets; sourceTree = "<group>"; };
		66BD1ED51D530DE30045C8DF /* Base */ = {isa = PBXFileReference; lastKnownFileType = file.storyboard; name = Base; path = Base.lproj/LaunchScreen.storyboard; sourceTree = "<group>"; };
		66BD1ED71D530DE30045C8DF /* Info.plist */ = {isa = PBXFileReference; lastKnownFileType = text.plist.xml; path = Info.plist; sourceTree = "<group>"; };
/* End PBXFileReference section */

/* Begin PBXFrameworksBuildPhase section */
		66BD1EC51D530DE30045C8DF /* Frameworks */ = {
			isa = PBXFrameworksBuildPhase;
			buildActionMask = 2147483647;
			files = (
			);
			runOnlyForDeploymentPostprocessing = 0;
		};
/* End PBXFrameworksBuildPhase section */

/* Begin PBXGroup section */
		66BD1EBF1D530DE30045C8DF = {
			isa = PBXGroup;
			children = (
				66BD1ECA1D530DE30045C8DF /* QuestionTime */,
				66BD1EC91D530DE30045C8DF /* Products */,
			);
			sourceTree = "<group>";
		};
		66BD1EC91D530DE30045C8DF /* Products */ = {
			isa = PBXGroup;
			children = (
				66BD1EC81D530DE30045C8DF /* QuestionTime.app */,
			);
			name = Products;
			sourceTree = "<group>";
		};
		66BD1ECA1D530DE30045C8DF /* QuestionTime */ = {
			isa = PBXGroup;
			children = (
				66BD1ECB1D530DE30045C8DF /* AppDelegate.swift */,
				66BD1ECD1D530DE30045C8DF /* ViewController.swift */,
				66BD1ECF1D530DE30045C8DF /* Main.storyboard */,
				66BD1ED21D530DE30045C8DF /* Assets.xcassets */,
				66BD1ED41D530DE30045C8DF /* LaunchScreen.storyboard */,
				66BD1ED71D530DE30045C8DF /* Info.plist */,
			);
			path = QuestionTime;
			sourceTree = "<group>";
		};
/* End PBXGroup section */

/* Begin PBXNativeTarget section */
		66BD1EC71D530DE30045C8DF /* QuestionTime */ = {
			isa = PBXNativeTarget;
			buildConfigurationList = 66BD1EDA1D530DE30045C8DF /* Build configuration list for PBXNativeTarget "QuestionTime" */;
			buildPhases = (
				66BD1EC41D530DE30045C8DF /* Sources */,
				66BD1EC51D530DE30045C8DF /* Frameworks */,
				66BD1EC61D530DE30045C8DF /* Resources */,
			);
			buildRules = (
			);
			dependencies = (
			);
			name = QuestionTime;
			productName = QuestionTime;
			productReference = 66BD1EC81D530DE30045C8DF /* QuestionTime.app */;
			productType = "com.apple.product-type.application";
		};
/* End PBXNativeTarget section */

/* Begin PBXProject section */
		66BD1EC01D530DE30045C8DF /* Project object */ = {
			isa = PBXProject;
			attributes = {
				LastSwiftUpdateCheck = 0800;
				LastUpgradeCheck = 0800;
				ORGANIZATIONNAME = "Tyler Jasper";
				TargetAttributes = {
					66BD1EC71D530DE30045C8DF = {
						CreatedOnToolsVersion = 8.0;
						DevelopmentTeam = 4TPFAYTSTU;
						DevelopmentTeamName = "Tyler Jasper (Personal Team)";
						ProvisioningStyle = Automatic;
					};
				};
			};
			buildConfigurationList = 66BD1EC31D530DE30045C8DF /* Build configuration list for PBXProject "QuestionTime" */;
			compatibilityVersion = "Xcode 3.2";
			developmentRegion = English;
			hasScannedForEncodings = 0;
			knownRegions = (
				en,
				Base,
			);
			mainGroup = 66BD1EBF1D530DE30045C8DF;
			productRefGroup = 66BD1EC91D530DE30045C8DF /* Products */;
			projectDirPath = "";
			projectRoot = "";
			targets = (
				66BD1EC71D530DE30045C8DF /* QuestionTime */,
			);
		};
/* End PBXProject section */

/* Begin PBXResourcesBuildPhase section */
		66BD1EC61D530DE30045C8DF /* Resources */ = {
			isa = PBXResourcesBuildPhase;
			buildActionMask = 2147483647;
			files = (
				66BD1ED61D530DE30045C8DF /* LaunchScreen.storyboard in Resources */,
				66BD1ED31D530DE30045C8DF /* Assets.xcassets in Resources */,
				66BD1ED11D530DE30045C8DF /* Main.storyboard in Resources */,
			);
			runOnlyForDeploymentPostprocessing = 0;
		};
/* End PBXResourcesBuildPhase section */

/* Begin PBXSourcesBuildPhase section */
		66BD1EC41D530DE30045C8DF /* Sources */ = {
			isa = PBXSourcesBuildPhase;
			buildActionMask = 2147483647;
			files = (
				66BD1ECE1D530DE30045C8DF /* ViewController.swift in Sources */,
				66BD1ECC1D530DE30045C8DF /* AppDelegate.swift in Sources */,
			);
			runOnlyForDeploymentPostprocessing = 0;
		};
/* End PBXSourcesBuildPhase section */

/* Begin PBXVariantGroup section */
		66BD1ECF1D530DE30045C8DF /* Main.storyboard */ = {
			isa = PBXVariantGroup;
			children = (
				66BD1ED01D530DE30045C8DF /* Base */,
			);
			name = Main.storyboard;
			sourceTree = "<group>";
		};
		66BD1ED41D530DE30045C8DF /* LaunchScreen.storyboard */ = {
			isa = PBXVariantGroup;
			children = (
				66BD1ED51D530DE30045C8DF /* Base */,
			);
			name = LaunchScreen.storyboard;
			sourceTree = "<group>";
		};
/* End PBXVariantGroup section */

/* Begin XCBuildConfiguration section */
		66BD1ED81D530DE30045C8DF /* Debug */ = {
			isa = XCBuildConfiguration;
			buildSettings = {
				ALWAYS_SEARCH_USER_PATHS = NO;
				CLANG_ANALYZER_NONNULL = YES;
				CLANG_CXX_LANGUAGE_STANDARD = "gnu++0x";
				CLANG_CXX_LIBRARY = "libc++";
				CLANG_ENABLE_MODULES = YES;
				CLANG_ENABLE_OBJC_ARC = YES;
				CLANG_WARN_BOOL_CONVERSION = YES;
				CLANG_WARN_CONSTANT_CONVERSION = YES;
				CLANG_WARN_DIRECT_OBJC_ISA_USAGE = YES_ERROR;
				CLANG_WARN_DOCUMENTATION_COMMENTS = YES;
				CLANG_WARN_EMPTY_BODY = YES;
				CLANG_WARN_ENUM_CONVERSION = YES;
				CLANG_WARN_INT_CONVERSION = YES;
				CLANG_WARN_OBJC_ROOT_CLASS = YES_ERROR;
				CLANG_WARN_UNREACHABLE_CODE = YES;
				CLANG_WARN__DUPLICATE_METHOD_MATCH = YES;
				"CODE_SIGN_IDENTITY[sdk=iphoneos*]" = "iPhone Developer";
				COPY_PHASE_STRIP = NO;
				DEBUG_INFORMATION_FORMAT = dwarf;
				ENABLE_STRICT_OBJC_MSGSEND = YES;
				ENABLE_TESTABILITY = YES;
				GCC_C_LANGUAGE_STANDARD = gnu99;
				GCC_DYNAMIC_NO_PIC = NO;
				GCC_NO_COMMON_BLOCKS = YES;
				GCC_OPTIMIZATION_LEVEL = 0;
				GCC_PREPROCESSOR_DEFINITIONS = (
					"DEBUG=1",
					"$(inherited)",
				);
				GCC_WARN_64_TO_32_BIT_CONVERSION = YES;
				GCC_WARN_ABOUT_RETURN_TYPE = YES_ERROR;
				GCC_WARN_UNDECLARED_SELECTOR = YES;
				GCC_WARN_UNINITIALIZED_AUTOS = YES_AGGRESSIVE;
				GCC_WARN_UNUSED_FUNCTION = YES;
				GCC_WARN_UNUSED_VARIABLE = YES;
				IPHONEOS_DEPLOYMENT_TARGET = 10.0;
				MTL_ENABLE_DEBUG_INFO = YES;
				ONLY_ACTIVE_ARCH = YES;
				SDKROOT = iphoneos;
				SWIFT_ACTIVE_COMPILATION_CONDITIONS = DEBUG;
				SWIFT_OPTIMIZATION_LEVEL = "-Onone";
				TARGETED_DEVICE_FAMILY = "1,2";
			};
			name = Debug;
		};
		66BD1ED91D530DE30045C8DF /* Release */ = {
			isa = XCBuildConfiguration;
			buildSettings = {
				ALWAYS_SEARCH_USER_PATHS = NO;
				CLANG_ANALYZER_NONNULL = YES;
				CLANG_CXX_LANGUAGE_STANDARD = "gnu++0x";
				CLANG_CXX_LIBRARY = "libc++";
				CLANG_ENABLE_MODULES = YES;
				CLANG_ENABLE_OBJC_ARC = YES;
				CLANG_WARN_BOOL_CONVERSION = YES;
				CLANG_WARN_CONSTANT_CONVERSION = YES;
				CLANG_WARN_DIRECT_OBJC_ISA_USAGE = YES_ERROR;
				CLANG_WARN_DOCUMENTATION_COMMENTS = YES;
				CLANG_WARN_EMPTY_BODY = YES;
				CLANG_WARN_ENUM_CONVERSION = YES;
				CLANG_WARN_INT_CONVERSION = YES;
				CLANG_WARN_OBJC_ROOT_CLASS = YES_ERROR;
				CLANG_WARN_UNREACHABLE_CODE = YES;
				CLANG_WARN__DUPLICATE_METHOD_MATCH = YES;
				"CODE_SIGN_IDENTITY[sdk=iphoneos*]" = "iPhone Developer";
				COPY_PHASE_STRIP = NO;
				DEBUG_INFORMATION_FORMAT = "dwarf-with-dsym";
				ENABLE_NS_ASSERTIONS = NO;
				ENABLE_STRICT_OBJC_MSGSEND = YES;
				GCC_C_LANGUAGE_STANDARD = gnu99;
				GCC_NO_COMMON_BLOCKS = YES;
				GCC_WARN_64_TO_32_BIT_CONVERSION = YES;
				GCC_WARN_ABOUT_RETURN_TYPE = YES_ERROR;
				GCC_WARN_UNDECLARED_SELECTOR = YES;
				GCC_WARN_UNINITIALIZED_AUTOS = YES_AGGRESSIVE;
				GCC_WARN_UNUSED_FUNCTION = YES;
				GCC_WARN_UNUSED_VARIABLE = YES;
				IPHONEOS_DEPLOYMENT_TARGET = 10.0;
				MTL_ENABLE_DEBUG_INFO = NO;
				SDKROOT = iphoneos;
				SWIFT_OPTIMIZATION_LEVEL = "-Owholemodule";
				TARGETED_DEVICE_FAMILY = "1,2";
				VALIDATE_PRODUCT = YES;
			};
			name = Release;
		};
		66BD1EDB1D530DE30045C8DF /* Debug */ = {
			isa = XCBuildConfiguration;
			buildSettings = {
				ASSETCATALOG_COMPILER_APPICON_NAME = AppIcon;
				INFOPLIST_FILE = QuestionTime/Info.plist;
				LD_RUNPATH_SEARCH_PATHS = "$(inherited) @executable_path/Frameworks";
				PRODUCT_BUNDLE_IDENTIFIER = com.Jasper.QuestionTime;
				PRODUCT_NAME = "$(TARGET_NAME)";
				SWIFT_VERSION = 3.0;
			};
			name = Debug;
		};
		66BD1EDC1D530DE30045C8DF /* Release */ = {
			isa = XCBuildConfiguration;
			buildSettings = {
				ASSETCATALOG_COMPILER_APPICON_NAME = AppIcon;
				INFOPLIST_FILE = QuestionTime/Info.plist;
				LD_RUNPATH_SEARCH_PATHS = "$(inherited) @executable_path/Frameworks";
				PRODUCT_BUNDLE_IDENTIFIER = com.Jasper.QuestionTime;
				PRODUCT_NAME = "$(TARGET_NAME)";
				SWIFT_VERSION = 3.0;
			};
			name = Release;
		};
/* End XCBuildConfiguration section */

/* Begin XCConfigurationList section */
		66BD1EC31D530DE30045C8DF /* Build configuration list for PBXProject "QuestionTime" */ = {
			isa = XCConfigurationList;
			buildConfigurations = (
				66BD1ED81D530DE30045C8DF /* Debug */,
				66BD1ED91D530DE30045C8DF /* Release */,
			);
			defaultConfigurationIsVisible = 0;
			defaultConfigurationName = Release;
		};
		66BD1EDA1D530DE30045C8DF /* Build configuration list for PBXNativeTarget "QuestionTime" */ = {
			isa = XCConfigurationList;
			buildConfigurations = (
				66BD1EDB1D530DE30045C8DF /* Debug */,
				66BD1EDC1D530DE30045C8DF /* Release */,
			);
			defaultConfigurationIsVisible = 0;
		};
/* End XCConfigurationList section */
	};
	rootObject = 66BD1EC01D530DE30045C8DF /* Project object */;
}
